// !$*UTF8*$!
{
	archiveVersion = 1;
	classes = {
	};
	objectVersion = 77;
	objects = {

/* Begin PBXBuildFile section */
		0384610A52F28F8FEA681230 /* SourceManagementView.swift in Sources */ = {isa = PBXBuildFile; fileRef = 0E2A96EFA10A9D618AEA036A /* SourceManagementView.swift */; };
		0858C92C6A4B7A9016F5C303 /* FeedItemCardView.swift in Sources */ = {isa = PBXBuildFile; fileRef = 87F611B28256E9442168C776 /* FeedItemCardView.swift */; };
		0C75158C0CA2E4F1CDC50ABF /* WhatsNewCarousel.swift in Sources */ = {isa = PBXBuildFile; fileRef = 692AB2B91FC3121ED17356B7 /* WhatsNewCarousel.swift */; };
		0D172F74FC571B2B1C682C66 /* DebugStatusBar.swift in Sources */ = {isa = PBXBuildFile; fileRef = F30391A30EB01CF526317DA2 /* DebugStatusBar.swift */; };
		0D7D2F35B303B7FA834EE8B5 /* ContentView.swift in Sources */ = {isa = PBXBuildFile; fileRef = BF1685743420892F86C34AC8 /* ContentView.swift */; };
		11D1CE76F9C9C6FB02903C60 /* CircadianEngine.swift in Sources */ = {isa = PBXBuildFile; fileRef = 85BC7361CDC09C1858857316 /* CircadianEngine.swift */; };
		166370F0A79604EB5EAE0E46 /* MomentCard.swift in Sources */ = {isa = PBXBuildFile; fileRef = 597AF1853F4B24A7FFDC8D53 /* MomentCard.swift */; };
		1E6D964B6AE7CF5AFFB82D26 /* AudioPlayerManager.swift in Sources */ = {isa = PBXBuildFile; fileRef = 01C4ABF16D3BCCA6595D02EA /* AudioPlayerManager.swift */; };
		23C4092BA7D62055C738AC74 /* MiniPlayerBar.swift in Sources */ = {isa = PBXBuildFile; fileRef = 1B0008E73A8394DB82A11F0B /* MiniPlayerBar.swift */; };
		240602E100F6F50B835E9420 /* OnboardingTipsView.swift in Sources */ = {isa = PBXBuildFile; fileRef = EFEA40E7DC7B24A5374AD399 /* OnboardingTipsView.swift */; };
		25B573E6A77AB15CACA1579E /* MomentGreeting.swift in Sources */ = {isa = PBXBuildFile; fileRef = 51C91A94F430AE1B1D8F7255 /* MomentGreeting.swift */; };
		2B5AC4E1A664F1CCE40B5A03 /* ShakeHandler.swift in Sources */ = {isa = PBXBuildFile; fileRef = FA499573FA22F43B9CCABCB2 /* ShakeHandler.swift */; };
		2CF0DFB90BD171C7A28BC4EB /* Region.swift in Sources */ = {isa = PBXBuildFile; fileRef = 4B87E85FA3D87E783D793575 /* Region.swift */; };
		2FFDEE84C9425743CD6CBA2D /* FeedEmptyStateView.swift in Sources */ = {isa = PBXBuildFile; fileRef = C702EDB528B43345BBE982A7 /* FeedEmptyStateView.swift */; };
		31C095E7266DBFAABA880F0C /* FeedFetchResult.swift in Sources */ = {isa = PBXBuildFile; fileRef = FDCAD69EEAB8FAB8FB974935 /* FeedFetchResult.swift */; };
		353857A2FD121D82D9343CE2 /* StatsShareCard.swift in Sources */ = {isa = PBXBuildFile; fileRef = F2A65D36B6680BED2A9755DE /* StatsShareCard.swift */; };
		383519A7AFEFE67C6FB585A9 /* OPMLParseResult.swift in Sources */ = {isa = PBXBuildFile; fileRef = 4075C82BAA3F80E12152684C /* OPMLParseResult.swift */; };
		3AEC9DE43D74BC03972B2C0B /* OPMLParser.swift in Sources */ = {isa = PBXBuildFile; fileRef = D43637F484CFF16738302685 /* OPMLParser.swift */; };
		4264B303EEFA1A6CCA309F13 /* ImagePrefetcher.swift in Sources */ = {isa = PBXBuildFile; fileRef = D4D33E3786E84EA594E2A36E /* ImagePrefetcher.swift */; };
		4551C42E546633FC57E0E1A4 /* FeedScreen.swift in Sources */ = {isa = PBXBuildFile; fileRef = 699695CC102526CA59DD5315 /* FeedScreen.swift */; };
		46F6D462F039918D58E1C05C /* ShareCardImageView.swift in Sources */ = {isa = PBXBuildFile; fileRef = 20C0390FC7E6B67E2A2AF044 /* ShareCardImageView.swift */; };
		4A12A481029D04C487FC6E43 /* FeedItemView.swift in Sources */ = {isa = PBXBuildFile; fileRef = 4ABBCA0F4F9C3C20E2480EBA /* FeedItemView.swift */; };
		4AD0077109486D6E038784D5 /* WeatherService.swift in Sources */ = {isa = PBXBuildFile; fileRef = C08ABDEC67E17B5A4BF8916C /* WeatherService.swift */; };
		4CEB2E678E27BE6121B1B11C /* MoodFilterBar.swift in Sources */ = {isa = PBXBuildFile; fileRef = 6CB92C73A85838EB4BC12DCB /* MoodFilterBar.swift */; };
		5E7E15C5AEBD7F2D476F0622 /* RegionDetailScreen.swift in Sources */ = {isa = PBXBuildFile; fileRef = AE5156605BFFD0C2F3D02E93 /* RegionDetailScreen.swift */; };
		6170CDE69FD93E263E3D200C /* Assets.xcassets in Resources */ = {isa = PBXBuildFile; fileRef = 05278E701F7B9808BEE3B943 /* Assets.xcassets */; };
		64D9DED796CD65C6711C3734 /* ReadingStatsView.swift in Sources */ = {isa = PBXBuildFile; fileRef = EB758C8AA6530C1936D9579C /* ReadingStatsView.swift */; };
		67048E03F4B32DE5C427C442 /* PersistenceManager.swift in Sources */ = {isa = PBXBuildFile; fileRef = B416A9F2FBED61538361B41D /* PersistenceManager.swift */; };
		6986DBDE303222A19B7A5798 /* SearchBarView.swift in Sources */ = {isa = PBXBuildFile; fileRef = 93A1E8E7D34C1FBFB2EA6CC6 /* SearchBarView.swift */; };
		72D004892A528079D059F577 /* FeedFetchBatch.swift in Sources */ = {isa = PBXBuildFile; fileRef = 1595D303FD10CB2456A989DC /* FeedFetchBatch.swift */; };
		7814FE910506FDA2317F6948 /* CountriesListScreen.swift in Sources */ = {isa = PBXBuildFile; fileRef = 42288409482593B7D53AB4CE /* CountriesListScreen.swift */; };
		785D6E99FD2AB46F9137E9B6 /* BookmarksSheetView.swift in Sources */ = {isa = PBXBuildFile; fileRef = E9B75EEA60ABFE02AB66FF3B /* BookmarksSheetView.swift */; };
		7B6FD2474CE0A734254AE627 /* DesignTokens.swift in Sources */ = {isa = PBXBuildFile; fileRef = A8B50077DA1D77D2A8954743 /* DesignTokens.swift */; };
		7D059B62DEC97393B3981822 /* DailyBriefingCard.swift in Sources */ = {isa = PBXBuildFile; fileRef = 0CB4233F029C53681617CA22 /* DailyBriefingCard.swift */; };
		7D50E979F88694C1588392D8 /* RSSFetcher.swift in Sources */ = {isa = PBXBuildFile; fileRef = 66AAEEDBB109C8C6CAC336D6 /* RSSFetcher.swift */; };
		7E39E605E7B9F579235AE061 /* FeedSource.swift in Sources */ = {isa = PBXBuildFile; fileRef = C15E7A90D2773F4370B149BA /* FeedSource.swift */; };
		86DAF1611712C2105F19AB68 /* TopStoriesCarousel.swift in Sources */ = {isa = PBXBuildFile; fileRef = E9CF24FCD0B6C944B1C956F0 /* TopStoriesCarousel.swift */; };
		9091D14B5D8B413C453FE0AC /* ErrorBannerView.swift in Sources */ = {isa = PBXBuildFile; fileRef = 8AFB811A6CBD76505CA4A4EB /* ErrorBannerView.swift */; };
		998C7F92DD060F9E1469B2DC /* ImageCache.swift in Sources */ = {isa = PBXBuildFile; fileRef = AABCAE92C1E148558D414CB0 /* ImageCache.swift */; };
		A1B2C3D4E5F60708090A1B2C /* FeedStore.swift in Sources */ = {isa = PBXBuildFile; fileRef = F3E5A2B1C4D506E7F809A1B2 /* FeedStore.swift */; };
		B6AE9E0F8C29F1AC810114C6 /* LocaleManager.swift in Sources */ = {isa = PBXBuildFile; fileRef = A830B06661CF5F11645F54BA /* LocaleManager.swift */; };
		BD6646C8B36B6A616DC24680 /* ArticleReaderView.swift in Sources */ = {isa = PBXBuildFile; fileRef = 11EBEEC23B00D4353C6DD6A9 /* ArticleReaderView.swift */; };
		C04601FB04B8DEB407C4AF69 /* FeedItemRowView.swift in Sources */ = {isa = PBXBuildFile; fileRef = 1AA62DAEEEDC39D6FA1CFF4F /* FeedItemRowView.swift */; };
		C45B317AFADC404026F51D49 /* Country.swift in Sources */ = {isa = PBXBuildFile; fileRef = 5F08DCDC7CAEAF98BEFD0654 /* Country.swift */; };
		C45F9D00A3268B1250B39812 /* FeedLoader.swift in Sources */ = {isa = PBXBuildFile; fileRef = 1B89B6467E341514F26C040B /* FeedLoader.swift */; };
		C87BB6813402E8C3FCA7963D /* FilterSheetView.swift in Sources */ = {isa = PBXBuildFile; fileRef = A15CFE1B5B333D4013B39871 /* FilterSheetView.swift */; };
		CECBF1D00FA07F3ADAB895AB /* FeedItem.swift in Sources */ = {isa = PBXBuildFile; fileRef = 5B17523EA785A32CBF906D42 /* FeedItem.swift */; };
		CF36595BD78C6471862CCDFA /* Feeds in Resources */ = {isa = PBXBuildFile; fileRef = C9D10487C40978550CFC89E0 /* Feeds */; };
		CF94A6D42BA66022491AFBB1 /* ToastView.swift in Sources */ = {isa = PBXBuildFile; fileRef = 44D745713BD34704CA15C6B7 /* ToastView.swift */; };
		D38D54D8947B48111A20C2F1 /* CountryDetailScreen.swift in Sources */ = {isa = PBXBuildFile; fileRef = 6342E15342EF9B64DB2D8F96 /* CountryDetailScreen.swift */; };
		D5D54228348DEFECE4D00217 /* CategoryFilterBar.swift in Sources */ = {isa = PBXBuildFile; fileRef = F9A7D55AFC80E67D103AC583 /* CategoryFilterBar.swift */; };
		D876A028082E2FA9FCCB4FB8 /* GreetingHeaderView.swift in Sources */ = {isa = PBXBuildFile; fileRef = 8A4AA074E3B4BD7207D77EF8 /* GreetingHeaderView.swift */; };
		DBBC1286841062334CDB639C /* FeedKit in Frameworks */ = {isa = PBXBuildFile; productRef = A9AA7E85F9B0F0D222C6EE4E /* FeedKit */; };
		E15933E9C5253C75E6BF0042 /* SessionTracker.swift in Sources */ = {isa = PBXBuildFile; fileRef = 26AE7140CB709EB68EA0D2ED /* SessionTracker.swift */; };
		E914E397420D1E5534EA112B /* Localizable.xcstrings in Resources */ = {isa = PBXBuildFile; fileRef = 99C864B082460925B45F2DEA /* Localizable.xcstrings */; };
		EB498E6F3FBB5C54A7BA0212 /* feedmineApp.swift in Sources */ = {isa = PBXBuildFile; fileRef = 4F27D4A089C0A2A81E64B2BC /* feedmineApp.swift */; };
		F130641CF9BD3D64E410894A /* SettingsSheetView.swift in Sources */ = {isa = PBXBuildFile; fileRef = C534C45AB248D0B885533C04 /* SettingsSheetView.swift */; };
		F311851139242691553818F4 /* AppContext.swift in Sources */ = {isa = PBXBuildFile; fileRef = ED7D05837FFFED0BCF4528A1 /* AppContext.swift */; };
		F7849543D7C7A7076E8F8DEA /* NetworkMonitor.swift in Sources */ = {isa = PBXBuildFile; fileRef = B126A0070B10B3C716D2C0C7 /* NetworkMonitor.swift */; };
/* End PBXBuildFile section */

/* Begin PBXFileReference section */
		01C4ABF16D3BCCA6595D02EA /* AudioPlayerManager.swift */ = {isa = PBXFileReference; lastKnownFileType = sourcecode.swift; path = AudioPlayerManager.swift; sourceTree = "<group>"; };
		05278E701F7B9808BEE3B943 /* Assets.xcassets */ = {isa = PBXFileReference; lastKnownFileType = folder.assetcatalog; path = Assets.xcassets; sourceTree = "<group>"; };
		0CB4233F029C53681617CA22 /* DailyBriefingCard.swift */ = {isa = PBXFileReference; lastKnownFileType = sourcecode.swift; path = DailyBriefingCard.swift; sourceTree = "<group>"; };
		0E2A96EFA10A9D618AEA036A /* SourceManagementView.swift */ = {isa = PBXFileReference; lastKnownFileType = sourcecode.swift; path = SourceManagementView.swift; sourceTree = "<group>"; };
		11EBEEC23B00D4353C6DD6A9 /* ArticleReaderView.swift */ = {isa = PBXFileReference; lastKnownFileType = sourcecode.swift; path = ArticleReaderView.swift; sourceTree = "<group>"; };
		1595D303FD10CB2456A989DC /* FeedFetchBatch.swift */ = {isa = PBXFileReference; lastKnownFileType = sourcecode.swift; path = FeedFetchBatch.swift; sourceTree = "<group>"; };
		1AA62DAEEEDC39D6FA1CFF4F /* FeedItemRowView.swift */ = {isa = PBXFileReference; lastKnownFileType = sourcecode.swift; path = FeedItemRowView.swift; sourceTree = "<group>"; };
		1B0008E73A8394DB82A11F0B /* MiniPlayerBar.swift */ = {isa = PBXFileReference; lastKnownFileType = sourcecode.swift; path = MiniPlayerBar.swift; sourceTree = "<group>"; };
		1B89B6467E341514F26C040B /* FeedLoader.swift */ = {isa = PBXFileReference; lastKnownFileType = sourcecode.swift; path = FeedLoader.swift; sourceTree = "<group>"; };
		20C0390FC7E6B67E2A2AF044 /* ShareCardImageView.swift */ = {isa = PBXFileReference; lastKnownFileType = sourcecode.swift; path = ShareCardImageView.swift; sourceTree = "<group>"; };
		26AE7140CB709EB68EA0D2ED /* SessionTracker.swift */ = {isa = PBXFileReference; lastKnownFileType = sourcecode.swift; path = SessionTracker.swift; sourceTree = "<group>"; };
		4075C82BAA3F80E12152684C /* OPMLParseResult.swift */ = {isa = PBXFileReference; lastKnownFileType = sourcecode.swift; path = OPMLParseResult.swift; sourceTree = "<group>"; };
		42288409482593B7D53AB4CE /* CountriesListScreen.swift */ = {isa = PBXFileReference; lastKnownFileType = sourcecode.swift; path = CountriesListScreen.swift; sourceTree = "<group>"; };
		44D745713BD34704CA15C6B7 /* ToastView.swift */ = {isa = PBXFileReference; lastKnownFileType = sourcecode.swift; path = ToastView.swift; sourceTree = "<group>"; };
		4ABBCA0F4F9C3C20E2480EBA /* FeedItemView.swift */ = {isa = PBXFileReference; lastKnownFileType = sourcecode.swift; path = FeedItemView.swift; sourceTree = "<group>"; };
		4B87E85FA3D87E783D793575 /* Region.swift */ = {isa = PBXFileReference; includeInIndex = 1; lastKnownFileType = sourcecode.swift; name = Region.swift; path = Models/Region.swift; sourceTree = "<group>"; };
		4F27D4A089C0A2A81E64B2BC /* feedmineApp.swift */ = {isa = PBXFileReference; lastKnownFileType = sourcecode.swift; path = feedmineApp.swift; sourceTree = "<group>"; };
		51C91A94F430AE1B1D8F7255 /* MomentGreeting.swift */ = {isa = PBXFileReference; lastKnownFileType = sourcecode.swift; path = MomentGreeting.swift; sourceTree = "<group>"; };
		597AF1853F4B24A7FFDC8D53 /* MomentCard.swift */ = {isa = PBXFileReference; lastKnownFileType = sourcecode.swift; path = MomentCard.swift; sourceTree = "<group>"; };
		5B17523EA785A32CBF906D42 /* FeedItem.swift */ = {isa = PBXFileReference; lastKnownFileType = sourcecode.swift; path = FeedItem.swift; sourceTree = "<group>"; };
		5F08DCDC7CAEAF98BEFD0654 /* Country.swift */ = {isa = PBXFileReference; lastKnownFileType = sourcecode.swift; path = Country.swift; sourceTree = "<group>"; };
		6342E15342EF9B64DB2D8F96 /* CountryDetailScreen.swift */ = {isa = PBXFileReference; lastKnownFileType = sourcecode.swift; path = CountryDetailScreen.swift; sourceTree = "<group>"; };
		66AAEEDBB109C8C6CAC336D6 /* RSSFetcher.swift */ = {isa = PBXFileReference; lastKnownFileType = sourcecode.swift; path = RSSFetcher.swift; sourceTree = "<group>"; };
		692AB2B91FC3121ED17356B7 /* WhatsNewCarousel.swift */ = {isa = PBXFileReference; lastKnownFileType = sourcecode.swift; path = WhatsNewCarousel.swift; sourceTree = "<group>"; };
		699695CC102526CA59DD5315 /* FeedScreen.swift */ = {isa = PBXFileReference; lastKnownFileType = sourcecode.swift; path = FeedScreen.swift; sourceTree = "<group>"; };
		6CB92C73A85838EB4BC12DCB /* MoodFilterBar.swift */ = {isa = PBXFileReference; lastKnownFileType = sourcecode.swift; path = MoodFilterBar.swift; sourceTree = "<group>"; };
		85BC7361CDC09C1858857316 /* CircadianEngine.swift */ = {isa = PBXFileReference; lastKnownFileType = sourcecode.swift; path = CircadianEngine.swift; sourceTree = "<group>"; };
		87F611B28256E9442168C776 /* FeedItemCardView.swift */ = {isa = PBXFileReference; lastKnownFileType = sourcecode.swift; path = FeedItemCardView.swift; sourceTree = "<group>"; };
		8A4AA074E3B4BD7207D77EF8 /* GreetingHeaderView.swift */ = {isa = PBXFileReference; lastKnownFileType = sourcecode.swift; path = GreetingHeaderView.swift; sourceTree = "<group>"; };
		8AFB811A6CBD76505CA4A4EB /* ErrorBannerView.swift */ = {isa = PBXFileReference; lastKnownFileType = sourcecode.swift; path = ErrorBannerView.swift; sourceTree = "<group>"; };
		93A1E8E7D34C1FBFB2EA6CC6 /* SearchBarView.swift */ = {isa = PBXFileReference; lastKnownFileType = sourcecode.swift; path = SearchBarView.swift; sourceTree = "<group>"; };
		99C864B082460925B45F2DEA /* Localizable.xcstrings */ = {isa = PBXFileReference; lastKnownFileType = text.json.xcstrings; path = Localizable.xcstrings; sourceTree = "<group>"; };
		9E8D4BC74BB01746A998D0A0 /* Info.plist */ = {isa = PBXFileReference; lastKnownFileType = text.plist; path = Info.plist; sourceTree = "<group>"; };
		A15CFE1B5B333D4013B39871 /* FilterSheetView.swift */ = {isa = PBXFileReference; lastKnownFileType = sourcecode.swift; path = FilterSheetView.swift; sourceTree = "<group>"; };
		A830B06661CF5F11645F54BA /* LocaleManager.swift */ = {isa = PBXFileReference; lastKnownFileType = sourcecode.swift; path = LocaleManager.swift; sourceTree = "<group>"; };
		A8B50077DA1D77D2A8954743 /* DesignTokens.swift */ = {isa = PBXFileReference; lastKnownFileType = sourcecode.swift; path = DesignTokens.swift; sourceTree = "<group>"; };
		AABCAE92C1E148558D414CB0 /* ImageCache.swift */ = {isa = PBXFileReference; lastKnownFileType = sourcecode.swift; path = ImageCache.swift; sourceTree = "<group>"; };
		AE5156605BFFD0C2F3D02E93 /* RegionDetailScreen.swift */ = {isa = PBXFileReference; includeInIndex = 1; lastKnownFileType = sourcecode.swift; name = RegionDetailScreen.swift; path = Views/RegionDetailScreen.swift; sourceTree = "<group>"; };
		B126A0070B10B3C716D2C0C7 /* NetworkMonitor.swift */ = {isa = PBXFileReference; lastKnownFileType = sourcecode.swift; path = NetworkMonitor.swift; sourceTree = "<group>"; };
		B416A9F2FBED61538361B41D /* PersistenceManager.swift */ = {isa = PBXFileReference; lastKnownFileType = sourcecode.swift; path = PersistenceManager.swift; sourceTree = "<group>"; };
		BF1685743420892F86C34AC8 /* ContentView.swift */ = {isa = PBXFileReference; lastKnownFileType = sourcecode.swift; path = ContentView.swift; sourceTree = "<group>"; };
		C08ABDEC67E17B5A4BF8916C /* WeatherService.swift */ = {isa = PBXFileReference; lastKnownFileType = sourcecode.swift; path = WeatherService.swift; sourceTree = "<group>"; };
		C15E7A90D2773F4370B149BA /* FeedSource.swift */ = {isa = PBXFileReference; lastKnownFileType = sourcecode.swift; path = FeedSource.swift; sourceTree = "<group>"; };
		C534C45AB248D0B885533C04 /* SettingsSheetView.swift */ = {isa = PBXFileReference; lastKnownFileType = sourcecode.swift; path = SettingsSheetView.swift; sourceTree = "<group>"; };
		C702EDB528B43345BBE982A7 /* FeedEmptyStateView.swift */ = {isa = PBXFileReference; lastKnownFileType = sourcecode.swift; path = FeedEmptyStateView.swift; sourceTree = "<group>"; };
		C9D10487C40978550CFC89E0 /* Feeds */ = {isa = PBXFileReference; lastKnownFileType = folder; name = Feeds; path = feedmine/Resources/Feeds; sourceTree = SOURCE_ROOT; };
		D43637F484CFF16738302685 /* OPMLParser.swift */ = {isa = PBXFileReference; lastKnownFileType = sourcecode.swift; path = OPMLParser.swift; sourceTree = "<group>"; };
		D4D33E3786E84EA594E2A36E /* ImagePrefetcher.swift */ = {isa = PBXFileReference; lastKnownFileType = sourcecode.swift; path = ImagePrefetcher.swift; sourceTree = "<group>"; };
		E9887174DAFF5C97D2E39933 /* feedmine.app */ = {isa = PBXFileReference; includeInIndex = 0; lastKnownFileType = wrapper.application; path = feedmine.app; sourceTree = BUILT_PRODUCTS_DIR; };
		E9B75EEA60ABFE02AB66FF3B /* BookmarksSheetView.swift */ = {isa = PBXFileReference; lastKnownFileType = sourcecode.swift; path = BookmarksSheetView.swift; sourceTree = "<group>"; };
		E9CF24FCD0B6C944B1C956F0 /* TopStoriesCarousel.swift */ = {isa = PBXFileReference; lastKnownFileType = sourcecode.swift; path = TopStoriesCarousel.swift; sourceTree = "<group>"; };
		EB758C8AA6530C1936D9579C /* ReadingStatsView.swift */ = {isa = PBXFileReference; lastKnownFileType = sourcecode.swift; path = ReadingStatsView.swift; sourceTree = "<group>"; };
		ED7D05837FFFED0BCF4528A1 /* AppContext.swift */ = {isa = PBXFileReference; lastKnownFileType = sourcecode.swift; path = AppContext.swift; sourceTree = "<group>"; };
		EFEA40E7DC7B24A5374AD399 /* OnboardingTipsView.swift */ = {isa = PBXFileReference; lastKnownFileType = sourcecode.swift; path = OnboardingTipsView.swift; sourceTree = "<group>"; };
		F2A65D36B6680BED2A9755DE /* StatsShareCard.swift */ = {isa = PBXFileReference; lastKnownFileType = sourcecode.swift; path = StatsShareCard.swift; sourceTree = "<group>"; };
		F30391A30EB01CF526317DA2 /* DebugStatusBar.swift */ = {isa = PBXFileReference; lastKnownFileType = sourcecode.swift; path = DebugStatusBar.swift; sourceTree = "<group>"; };
		F3E5A2B1C4D506E7F809A1B2 /* FeedStore.swift */ = {isa = PBXFileReference; lastKnownFileType = sourcecode.swift; path = FeedStore.swift; sourceTree = "<group>"; };
		F9A7D55AFC80E67D103AC583 /* CategoryFilterBar.swift */ = {isa = PBXFileReference; lastKnownFileType = sourcecode.swift; path = CategoryFilterBar.swift; sourceTree = "<group>"; };
		FA499573FA22F43B9CCABCB2 /* ShakeHandler.swift */ = {isa = PBXFileReference; lastKnownFileType = sourcecode.swift; path = ShakeHandler.swift; sourceTree = "<group>"; };
		FDCAD69EEAB8FAB8FB974935 /* FeedFetchResult.swift */ = {isa = PBXFileReference; lastKnownFileType = sourcecode.swift; path = FeedFetchResult.swift; sourceTree = "<group>"; };
/* End PBXFileReference section */

/* Begin PBXFrameworksBuildPhase section */
		41305DDF0D69AEABC1278676 /* Frameworks */ = {
			isa = PBXFrameworksBuildPhase;
			buildActionMask = 2147483647;
			files = (
				DBBC1286841062334CDB639C /* FeedKit in Frameworks */,
			);
			runOnlyForDeploymentPostprocessing = 0;
		};
/* End PBXFrameworksBuildPhase section */

/* Begin PBXGroup section */
		3C6EFAC49E122E196E1DDEAC /* Views */ = {
			isa = PBXGroup;
			children = (
				AE5156605BFFD0C2F3D02E93 /* RegionDetailScreen.swift */,
			);
			name = Views;
			sourceTree = "<group>";
		};
		3EACA0F314EBDF397264C0AA /* Models */ = {
			isa = PBXGroup;
			children = (
				4B87E85FA3D87E783D793575 /* Region.swift */,
			);
			name = Models;
			sourceTree = "<group>";
		};
		3F815182CB0585246F621DBA /* Feeds */ = {
			isa = PBXGroup;
			children = (
				E46E4A33337E6A5A45D21737 /* countries */,
			);
			path = Feeds;
			sourceTree = "<group>";
		};
		4A4F050A898BB40B15DE74DE /* Views */ = {
			isa = PBXGroup;
			children = (
				11EBEEC23B00D4353C6DD6A9 /* ArticleReaderView.swift */,
				E9B75EEA60ABFE02AB66FF3B /* BookmarksSheetView.swift */,
				F9A7D55AFC80E67D103AC583 /* CategoryFilterBar.swift */,
				42288409482593B7D53AB4CE /* CountriesListScreen.swift */,
				6342E15342EF9B64DB2D8F96 /* CountryDetailScreen.swift */,
				0CB4233F029C53681617CA22 /* DailyBriefingCard.swift */,
				F30391A30EB01CF526317DA2 /* DebugStatusBar.swift */,
				8AFB811A6CBD76505CA4A4EB /* ErrorBannerView.swift */,
				C702EDB528B43345BBE982A7 /* FeedEmptyStateView.swift */,
				87F611B28256E9442168C776 /* FeedItemCardView.swift */,
				1AA62DAEEEDC39D6FA1CFF4F /* FeedItemRowView.swift */,
				4ABBCA0F4F9C3C20E2480EBA /* FeedItemView.swift */,
				699695CC102526CA59DD5315 /* FeedScreen.swift */,
				A15CFE1B5B333D4013B39871 /* FilterSheetView.swift */,
				8A4AA074E3B4BD7207D77EF8 /* GreetingHeaderView.swift */,
				1B0008E73A8394DB82A11F0B /* MiniPlayerBar.swift */,
				597AF1853F4B24A7FFDC8D53 /* MomentCard.swift */,
				6CB92C73A85838EB4BC12DCB /* MoodFilterBar.swift */,
				EFEA40E7DC7B24A5374AD399 /* OnboardingTipsView.swift */,
				EB758C8AA6530C1936D9579C /* ReadingStatsView.swift */,
				93A1E8E7D34C1FBFB2EA6CC6 /* SearchBarView.swift */,
				C534C45AB248D0B885533C04 /* SettingsSheetView.swift */,
				20C0390FC7E6B67E2A2AF044 /* ShareCardImageView.swift */,
				0E2A96EFA10A9D618AEA036A /* SourceManagementView.swift */,
				F2A65D36B6680BED2A9755DE /* StatsShareCard.swift */,
				44D745713BD34704CA15C6B7 /* ToastView.swift */,
				E9CF24FCD0B6C944B1C956F0 /* TopStoriesCarousel.swift */,
				692AB2B91FC3121ED17356B7 /* WhatsNewCarousel.swift */,
			);
			path = Views;
			sourceTree = "<group>";
		};
		62C912E6A13BBEE525E730CE = {
			isa = PBXGroup;
			children = (
				C9D10487C40978550CFC89E0 /* Feeds */,
				FA8AD510866687C9EE3BBEBD /* feedmine */,
				B8828CC272EF60AAE5EF759A /* Products */,
			);
			sourceTree = "<group>";
		};
		A265C2B5D9700AC12D20ADF6 /* Services */ = {
			isa = PBXGroup;
			children = (
				ED7D05837FFFED0BCF4528A1 /* AppContext.swift */,
				01C4ABF16D3BCCA6595D02EA /* AudioPlayerManager.swift */,
				85BC7361CDC09C1858857316 /* CircadianEngine.swift */,
				A8B50077DA1D77D2A8954743 /* DesignTokens.swift */,
				1B89B6467E341514F26C040B /* FeedLoader.swift */,
				F3E5A2B1C4D506E7F809A1B2 /* FeedStore.swift */,
				AABCAE92C1E148558D414CB0 /* ImageCache.swift */,
				D4D33E3786E84EA594E2A36E /* ImagePrefetcher.swift */,
				A830B06661CF5F11645F54BA /* LocaleManager.swift */,
				51C91A94F430AE1B1D8F7255 /* MomentGreeting.swift */,
				B126A0070B10B3C716D2C0C7 /* NetworkMonitor.swift */,
				D43637F484CFF16738302685 /* OPMLParser.swift */,
				B416A9F2FBED61538361B41D /* PersistenceManager.swift */,
				66AAEEDBB109C8C6CAC336D6 /* RSSFetcher.swift */,
				26AE7140CB709EB68EA0D2ED /* SessionTracker.swift */,
				FA499573FA22F43B9CCABCB2 /* ShakeHandler.swift */,
				C08ABDEC67E17B5A4BF8916C /* WeatherService.swift */,
			);
			path = Services;
			sourceTree = "<group>";
		};
		B8828CC272EF60AAE5EF759A /* Products */ = {
			isa = PBXGroup;
			children = (
				E9887174DAFF5C97D2E39933 /* feedmine.app */,
			);
			name = Products;
			sourceTree = "<group>";
		};
		B9167966EC8BB04664D05F65 /* Models */ = {
			isa = PBXGroup;
			children = (
				5F08DCDC7CAEAF98BEFD0654 /* Country.swift */,
				1595D303FD10CB2456A989DC /* FeedFetchBatch.swift */,
				FDCAD69EEAB8FAB8FB974935 /* FeedFetchResult.swift */,
				5B17523EA785A32CBF906D42 /* FeedItem.swift */,
				C15E7A90D2773F4370B149BA /* FeedSource.swift */,
				4075C82BAA3F80E12152684C /* OPMLParseResult.swift */,
			);
			path = Models;
			sourceTree = "<group>";
		};
		CB51B4180BE95087ECD62C86 /* Resources */ = {
			isa = PBXGroup;
			children = (
				99C864B082460925B45F2DEA /* Localizable.xcstrings */,
				3F815182CB0585246F621DBA /* Feeds */,
			);
			path = Resources;
			sourceTree = "<group>";
		};
		E46E4A33337E6A5A45D21737 /* countries */ = {
			isa = PBXGroup;
			children = (
			);
			path = countries;
			sourceTree = "<group>";
		};
		FA8AD510866687C9EE3BBEBD /* feedmine */ = {
			isa = PBXGroup;
			children = (
				05278E701F7B9808BEE3B943 /* Assets.xcassets */,
				BF1685743420892F86C34AC8 /* ContentView.swift */,
				4F27D4A089C0A2A81E64B2BC /* feedmineApp.swift */,
				9E8D4BC74BB01746A998D0A0 /* Info.plist */,
				B9167966EC8BB04664D05F65 /* Models */,
				CB51B4180BE95087ECD62C86 /* Resources */,
				A265C2B5D9700AC12D20ADF6 /* Services */,
				4A4F050A898BB40B15DE74DE /* Views */,
				3EACA0F314EBDF397264C0AA /* Models */,
				3C6EFAC49E122E196E1DDEAC /* Views */,
			);
			path = feedmine;
			sourceTree = "<group>";
		};
/* End PBXGroup section */

/* Begin PBXNativeTarget section */
		057DBDD4C964DDBA254C0BA5 /* feedmine */ = {
			isa = PBXNativeTarget;
			buildConfigurationList = AA6906E2B7231C5D73295DC9 /* Build configuration list for PBXNativeTarget "feedmine" */;
			buildPhases = (
				D12D0F772D8D07244FD2A241 /* Sources */,
				2710D164F83F87583940D0E7 /* Resources */,
				41305DDF0D69AEABC1278676 /* Frameworks */,
			);
			buildRules = (
			);
			dependencies = (
			);
			name = feedmine;
			packageProductDependencies = (
				A9AA7E85F9B0F0D222C6EE4E /* FeedKit */,
				84A0FFEB3E1F43D99D8D1E5A /* GRDB */,
			);
			productName = feedmine;
			productReference = E9887174DAFF5C97D2E39933 /* feedmine.app */;
			productType = "com.apple.product-type.application";
		};
/* End PBXNativeTarget section */

/* Begin PBXProject section */
		5754179AAAE8058A2FBE80BD /* Project object */ = {
			isa = PBXProject;
			attributes = {
				BuildIndependentTargetsInParallel = YES;
				LastUpgradeCheck = 1600;
				TargetAttributes = {
					057DBDD4C964DDBA254C0BA5 = {
						DevelopmentTeam = 955573A4YH;
						ProvisioningStyle = Automatic;
					};
				};
			};
			buildConfigurationList = BACDB8081763684DCBF9FB9F /* Build configuration list for PBXProject "feedmine" */;
			developmentRegion = en;
			hasScannedForEncodings = 0;
			knownRegions = (
				Base,
				en,
				ar,
				ca,
				"zh-Hans",
				"zh-Hant",
				hr,
				cs,
				da,
				nl,
				"en-AU",
				"en-GB",
				"en-IN",
				fi,
				fr,
				"fr-CA",
				de,
				el,
				he,
				hi,
				hu,
				id,
				it,
				ja,
				ko,
				ms,
				nb,
				pl,
				"pt-BR",
				"pt-PT",
				ro,
				ru,
				sk,
				es,
				"es-419",
				sv,
				th,
				tr,
				uk,
				vi,
			);
			mainGroup = 62C912E6A13BBEE525E730CE;
			minimizedProjectReferenceProxies = 1;
			packageReferences = (
				861A36BEF7A02BAE27E8A414 /* XCRemoteSwiftPackageReference "FeedKit" */,
				4DE9E548AA344E3580B04798 /* XCRemoteSwiftPackageReference "GRDB.swift" */,
			);
			preferredProjectObjectVersion = 77;
			productRefGroup = B8828CC272EF60AAE5EF759A /* Products */;
			projectDirPath = "";
			projectRoot = "";
			targets = (
				057DBDD4C964DDBA254C0BA5 /* feedmine */,
			);
		};
/* End PBXProject section */

/* Begin PBXResourcesBuildPhase section */
		2710D164F83F87583940D0E7 /* Resources */ = {
			isa = PBXResourcesBuildPhase;
			buildActionMask = 2147483647;
			files = (
				6170CDE69FD93E263E3D200C /* Assets.xcassets in Resources */,
				CF36595BD78C6471862CCDFA /* Feeds in Resources */,
				E914E397420D1E5534EA112B /* Localizable.xcstrings in Resources */,
			);
			runOnlyForDeploymentPostprocessing = 0;
		};
/* End PBXResourcesBuildPhase section */

/* Begin PBXSourcesBuildPhase section */
		D12D0F772D8D07244FD2A241 /* Sources */ = {
			isa = PBXSourcesBuildPhase;
			buildActionMask = 2147483647;
			files = (
				F311851139242691553818F4 /* AppContext.swift in Sources */,
				BD6646C8B36B6A616DC24680 /* ArticleReaderView.swift in Sources */,
				1E6D964B6AE7CF5AFFB82D26 /* AudioPlayerManager.swift in Sources */,
				785D6E99FD2AB46F9137E9B6 /* BookmarksSheetView.swift in Sources */,
				D5D54228348DEFECE4D00217 /* CategoryFilterBar.swift in Sources */,
				11D1CE76F9C9C6FB02903C60 /* CircadianEngine.swift in Sources */,
				0D7D2F35B303B7FA834EE8B5 /* ContentView.swift in Sources */,
				7814FE910506FDA2317F6948 /* CountriesListScreen.swift in Sources */,
				C45B317AFADC404026F51D49 /* Country.swift in Sources */,
				D38D54D8947B48111A20C2F1 /* CountryDetailScreen.swift in Sources */,
				7D059B62DEC97393B3981822 /* DailyBriefingCard.swift in Sources */,
				0D172F74FC571B2B1C682C66 /* DebugStatusBar.swift in Sources */,
				7B6FD2474CE0A734254AE627 /* DesignTokens.swift in Sources */,
				9091D14B5D8B413C453FE0AC /* ErrorBannerView.swift in Sources */,
				2FFDEE84C9425743CD6CBA2D /* FeedEmptyStateView.swift in Sources */,
				72D004892A528079D059F577 /* FeedFetchBatch.swift in Sources */,
				31C095E7266DBFAABA880F0C /* FeedFetchResult.swift in Sources */,
				CECBF1D00FA07F3ADAB895AB /* FeedItem.swift in Sources */,
				0858C92C6A4B7A9016F5C303 /* FeedItemCardView.swift in Sources */,
				C04601FB04B8DEB407C4AF69 /* FeedItemRowView.swift in Sources */,
				4A12A481029D04C487FC6E43 /* FeedItemView.swift in Sources */,
					C45F9D00A3268B1250B39812 /* FeedLoader.swift in Sources */,
				A1B2C3D4E5F60708090A1B2C /* FeedStore.swift in Sources */,
				4551C42E546633FC57E0E1A4 /* FeedScreen.swift in Sources */,
				7E39E605E7B9F579235AE061 /* FeedSource.swift in Sources */,
				C87BB6813402E8C3FCA7963D /* FilterSheetView.swift in Sources */,
				D876A028082E2FA9FCCB4FB8 /* GreetingHeaderView.swift in Sources */,
				998C7F92DD060F9E1469B2DC /* ImageCache.swift in Sources */,
				4264B303EEFA1A6CCA309F13 /* ImagePrefetcher.swift in Sources */,
				B6AE9E0F8C29F1AC810114C6 /* LocaleManager.swift in Sources */,
				23C4092BA7D62055C738AC74 /* MiniPlayerBar.swift in Sources */,
				166370F0A79604EB5EAE0E46 /* MomentCard.swift in Sources */,
				25B573E6A77AB15CACA1579E /* MomentGreeting.swift in Sources */,
				4CEB2E678E27BE6121B1B11C /* MoodFilterBar.swift in Sources */,
				F7849543D7C7A7076E8F8DEA /* NetworkMonitor.swift in Sources */,
				383519A7AFEFE67C6FB585A9 /* OPMLParseResult.swift in Sources */,
				3AEC9DE43D74BC03972B2C0B /* OPMLParser.swift in Sources */,
				240602E100F6F50B835E9420 /* OnboardingTipsView.swift in Sources */,
				67048E03F4B32DE5C427C442 /* PersistenceManager.swift in Sources */,
				7D50E979F88694C1588392D8 /* RSSFetcher.swift in Sources */,
				64D9DED796CD65C6711C3734 /* ReadingStatsView.swift in Sources */,
				6986DBDE303222A19B7A5798 /* SearchBarView.swift in Sources */,
				E15933E9C5253C75E6BF0042 /* SessionTracker.swift in Sources */,
				F130641CF9BD3D64E410894A /* SettingsSheetView.swift in Sources */,
				2B5AC4E1A664F1CCE40B5A03 /* ShakeHandler.swift in Sources */,
				46F6D462F039918D58E1C05C /* ShareCardImageView.swift in Sources */,
				0384610A52F28F8FEA681230 /* SourceManagementView.swift in Sources */,
				353857A2FD121D82D9343CE2 /* StatsShareCard.swift in Sources */,
				CF94A6D42BA66022491AFBB1 /* ToastView.swift in Sources */,
				86DAF1611712C2105F19AB68 /* TopStoriesCarousel.swift in Sources */,
				4AD0077109486D6E038784D5 /* WeatherService.swift in Sources */,
				0C75158C0CA2E4F1CDC50ABF /* WhatsNewCarousel.swift in Sources */,
				EB498E6F3FBB5C54A7BA0212 /* feedmineApp.swift in Sources */,
				2CF0DFB90BD171C7A28BC4EB /* Region.swift in Sources */,
				5E7E15C5AEBD7F2D476F0622 /* RegionDetailScreen.swift in Sources */,
			);
			runOnlyForDeploymentPostprocessing = 0;
		};
/* End PBXSourcesBuildPhase section */

/* Begin XCBuildConfiguration section */
		694243A09163BD7FDC2C9018 /* Release */ = {
			isa = XCBuildConfiguration;
			buildSettings = {
				ALWAYS_SEARCH_USER_PATHS = NO;
				CLANG_ANALYZER_NONNULL = YES;
				CLANG_ANALYZER_NUMBER_OBJECT_CONVERSION = YES_AGGRESSIVE;
				CLANG_CXX_LANGUAGE_STANDARD = "gnu++14";
				CLANG_CXX_LIBRARY = "libc++";
				CLANG_ENABLE_MODULES = YES;
				CLANG_ENABLE_OBJC_ARC = YES;
				CLANG_ENABLE_OBJC_WEAK = YES;
				CLANG_WARN_BLOCK_CAPTURE_AUTORELEASING = YES;
				CLANG_WARN_BOOL_CONVERSION = YES;
				CLANG_WARN_COMMA = YES;
				CLANG_WARN_CONSTANT_CONVERSION = YES;
				CLANG_WARN_DEPRECATED_OBJC_IMPLEMENTATIONS = YES;
				CLANG_WARN_DIRECT_OBJC_ISA_USAGE = YES_ERROR;
				CLANG_WARN_DOCUMENTATION_COMMENTS = YES;
				CLANG_WARN_EMPTY_BODY = YES;
				CLANG_WARN_ENUM_CONVERSION = YES;
				CLANG_WARN_INFINITE_RECURSION = YES;
				CLANG_WARN_INT_CONVERSION = YES;
				CLANG_WARN_NON_LITERAL_NULL_CONVERSION = YES;
				CLANG_WARN_OBJC_IMPLICIT_RETAIN_SELF = YES;
				CLANG_WARN_OBJC_LITERAL_CONVERSION = YES;
				CLANG_WARN_OBJC_ROOT_CLASS = YES_ERROR;
				CLANG_WARN_QUOTED_INCLUDE_IN_FRAMEWORK_HEADER = YES;
				CLANG_WARN_RANGE_LOOP_ANALYSIS = YES;
				CLANG_WARN_STRICT_PROTOTYPES = YES;
				CLANG_WARN_SUSPICIOUS_MOVE = YES;
				CLANG_WARN_UNGUARDED_AVAILABILITY = YES_AGGRESSIVE;
				CLANG_WARN_UNREACHABLE_CODE = YES;
				CLANG_WARN__DUPLICATE_METHOD_MATCH = YES;
				COPY_PHASE_STRIP = NO;
				DEBUG_INFORMATION_FORMAT = "dwarf-with-dsym";
				ENABLE_NS_ASSERTIONS = NO;
				ENABLE_STRICT_OBJC_MSGSEND = YES;
				GCC_C_LANGUAGE_STANDARD = gnu11;
				GCC_NO_COMMON_BLOCKS = YES;
				GCC_WARN_64_TO_32_BIT_CONVERSION = YES;
				GCC_WARN_ABOUT_RETURN_TYPE = YES_ERROR;
				GCC_WARN_UNDECLARED_SELECTOR = YES;
				GCC_WARN_UNINITIALIZED_AUTOS = YES_AGGRESSIVE;
				GCC_WARN_UNUSED_FUNCTION = YES;
				GCC_WARN_UNUSED_VARIABLE = YES;
				IPHONEOS_DEPLOYMENT_TARGET = 18.0;
				MTL_ENABLE_DEBUG_INFO = NO;
				MTL_FAST_MATH = YES;
				PRODUCT_NAME = "$(TARGET_NAME)";
				SDKROOT = iphoneos;
				SWIFT_COMPILATION_MODE = wholemodule;
				SWIFT_OPTIMIZATION_LEVEL = "-O";
				SWIFT_STRICT_CONCURRENCY = complete;
				SWIFT_VERSION = 6.0;
				TARGETED_DEVICE_FAMILY = 1;
			};
			name = Release;
		};
		A86398EB19C72D03602A236B /* Debug */ = {
			isa = XCBuildConfiguration;
			buildSettings = {
				ALWAYS_SEARCH_USER_PATHS = NO;
				CLANG_ANALYZER_NONNULL = YES;
				CLANG_ANALYZER_NUMBER_OBJECT_CONVERSION = YES_AGGRESSIVE;
				CLANG_CXX_LANGUAGE_STANDARD = "gnu++14";
				CLANG_CXX_LIBRARY = "libc++";
				CLANG_ENABLE_MODULES = YES;
				CLANG_ENABLE_OBJC_ARC = YES;
				CLANG_ENABLE_OBJC_WEAK = YES;
				CLANG_WARN_BLOCK_CAPTURE_AUTORELEASING = YES;
				CLANG_WARN_BOOL_CONVERSION = YES;
				CLANG_WARN_COMMA = YES;
				CLANG_WARN_CONSTANT_CONVERSION = YES;
				CLANG_WARN_DEPRECATED_OBJC_IMPLEMENTATIONS = YES;
				CLANG_WARN_DIRECT_OBJC_ISA_USAGE = YES_ERROR;
				CLANG_WARN_DOCUMENTATION_COMMENTS = YES;
				CLANG_WARN_EMPTY_BODY = YES;
				CLANG_WARN_ENUM_CONVERSION = YES;
				CLANG_WARN_INFINITE_RECURSION = YES;
				CLANG_WARN_INT_CONVERSION = YES;
				CLANG_WARN_NON_LITERAL_NULL_CONVERSION = YES;
				CLANG_WARN_OBJC_IMPLICIT_RETAIN_SELF = YES;
				CLANG_WARN_OBJC_LITERAL_CONVERSION = YES;
				CLANG_WARN_OBJC_ROOT_CLASS = YES_ERROR;
				CLANG_WARN_QUOTED_INCLUDE_IN_FRAMEWORK_HEADER = YES;
				CLANG_WARN_RANGE_LOOP_ANALYSIS = YES;
				CLANG_WARN_STRICT_PROTOTYPES = YES;
				CLANG_WARN_SUSPICIOUS_MOVE = YES;
				CLANG_WARN_UNGUARDED_AVAILABILITY = YES_AGGRESSIVE;
				CLANG_WARN_UNREACHABLE_CODE = YES;
				CLANG_WARN__DUPLICATE_METHOD_MATCH = YES;
				COPY_PHASE_STRIP = NO;
				DEBUG_INFORMATION_FORMAT = dwarf;
				ENABLE_STRICT_OBJC_MSGSEND = YES;
				ENABLE_TESTABILITY = YES;
				GCC_C_LANGUAGE_STANDARD = gnu11;
				GCC_DYNAMIC_NO_PIC = NO;
				GCC_NO_COMMON_BLOCKS = YES;
				GCC_OPTIMIZATION_LEVEL = 0;
				GCC_PREPROCESSOR_DEFINITIONS = (
					"$(inherited)",
					"DEBUG=1",
				);
				GCC_WARN_64_TO_32_BIT_CONVERSION = YES;
				GCC_WARN_ABOUT_RETURN_TYPE = YES_ERROR;
				GCC_WARN_UNDECLARED_SELECTOR = YES;
				GCC_WARN_UNINITIALIZED_AUTOS = YES_AGGRESSIVE;
				GCC_WARN_UNUSED_FUNCTION = YES;
				GCC_WARN_UNUSED_VARIABLE = YES;
				IPHONEOS_DEPLOYMENT_TARGET = 18.0;
				MTL_ENABLE_DEBUG_INFO = INCLUDE_SOURCE;
				MTL_FAST_MATH = YES;
				ONLY_ACTIVE_ARCH = YES;
				PRODUCT_NAME = "$(TARGET_NAME)";
				SDKROOT = iphoneos;
				SWIFT_ACTIVE_COMPILATION_CONDITIONS = DEBUG;
				SWIFT_OPTIMIZATION_LEVEL = "-Onone";
				SWIFT_STRICT_CONCURRENCY = complete;
				SWIFT_VERSION = 6.0;
				TARGETED_DEVICE_FAMILY = 1;
			};
			name = Debug;
		};
		B8A53A6DCE4A15018735D349 /* Release */ = {
			isa = XCBuildConfiguration;
			buildSettings = {
				ASSETCATALOG_COMPILER_APPICON_NAME = AppIcon;
				CODE_SIGN_IDENTITY = "iPhone Developer";
				CODE_SIGN_STYLE = Automatic;
				DEVELOPMENT_TEAM = 955573A4YH;
				INFOPLIST_FILE = feedmine/Info.plist;
				IPHONEOS_DEPLOYMENT_TARGET = 18.0;
				LD_RUNPATH_SEARCH_PATHS = (
					"$(inherited)",
					"@executable_path/Frameworks",
				);
				PRODUCT_BUNDLE_IDENTIFIER = com.feedmine.app;
				SDKROOT = iphoneos;
				TARGETED_DEVICE_FAMILY = 1;
			};
			name = Release;
		};
		E1D402DB20A37E4DA3C4A4B1 /* Debug */ = {
			isa = XCBuildConfiguration;
			buildSettings = {
				ASSETCATALOG_COMPILER_APPICON_NAME = AppIcon;
				CODE_SIGN_IDENTITY = "iPhone Developer";
				CODE_SIGN_STYLE = Automatic;
				DEVELOPMENT_TEAM = 955573A4YH;
				INFOPLIST_FILE = feedmine/Info.plist;
				IPHONEOS_DEPLOYMENT_TARGET = 18.0;
				LD_RUNPATH_SEARCH_PATHS = (
					"$(inherited)",
					"@executable_path/Frameworks",
				);
				PRODUCT_BUNDLE_IDENTIFIER = com.feedmine.app;
				SDKROOT = iphoneos;
				TARGETED_DEVICE_FAMILY = 1;
			};
			name = Debug;
		};
/* End XCBuildConfiguration section */

/* Begin XCConfigurationList section */
		AA6906E2B7231C5D73295DC9 /* Build configuration list for PBXNativeTarget "feedmine" */ = {
			isa = XCConfigurationList;
			buildConfigurations = (
				E1D402DB20A37E4DA3C4A4B1 /* Debug */,
				B8A53A6DCE4A15018735D349 /* Release */,
			);
			defaultConfigurationIsVisible = 0;
			defaultConfigurationName = Debug;
		};
		BACDB8081763684DCBF9FB9F /* Build configuration list for PBXProject "feedmine" */ = {
			isa = XCConfigurationList;
			buildConfigurations = (
				A86398EB19C72D03602A236B /* Debug */,
				694243A09163BD7FDC2C9018 /* Release */,
			);
			defaultConfigurationIsVisible = 0;
			defaultConfigurationName = Debug;
		};
/* End XCConfigurationList section */

/* Begin XCRemoteSwiftPackageReference section */
		861A36BEF7A02BAE27E8A414 /* XCRemoteSwiftPackageReference "FeedKit" */ = {
			isa = XCRemoteSwiftPackageReference;
			repositoryURL = "https://github.com/nmdias/FeedKit";
			requirement = {
				kind = upToNextMajorVersion;
				minimumVersion = 9.0.0;
			};
		};
		4DE9E548AA344E3580B04798 /* XCRemoteSwiftPackageReference "GRDB.swift" */ = {
			isa = XCRemoteSwiftPackageReference;
			repositoryURL = "https://github.com/groue/GRDB.swift";
			requirement = {
				kind = exactVersion;
				version = 7.4.0;
			};
		};
/* End XCRemoteSwiftPackageReference section */

/* Begin XCSwiftPackageProductDependency section */
		A9AA7E85F9B0F0D222C6EE4E /* FeedKit */ = {
			isa = XCSwiftPackageProductDependency;
			package = 861A36BEF7A02BAE27E8A414 /* XCRemoteSwiftPackageReference "FeedKit" */;
			productName = FeedKit;
		};
		84A0FFEB3E1F43D99D8D1E5A /* GRDB */ = {
			isa = XCSwiftPackageProductDependency;
			package = 4DE9E548AA344E3580B04798 /* XCRemoteSwiftPackageReference "GRDB.swift" */;
			productName = GRDB;
		};
/* End XCSwiftPackageProductDependency section */
	};
	rootObject = 5754179AAAE8058A2FBE80BD /* Project object */;
}
