// !$*UTF8*$!
{
	archiveVersion = 1;
	classes = {
	};
	objectVersion = 77;
	objects = {

/* Begin PBXBuildFile section */
		0384610A52F28F8FEA681230 /* SourceManagementView.swift in Sources */ = {isa = PBXBuildFile; fileRef = 0E2A96EFA10A9D618AEA036A /* SourceManagementView.swift */; };
		0858C92C6A4B7A9016F5C303 /* FeedItemCardView.swift in Sources */ = {isa = PBXBuildFile; fileRef = 87F611B28256E9442168C776 /* FeedItemCardView.swift */; };
		0D172F74FC571B2B1C682C66 /* DebugStatusBar.swift in Sources */ = {isa = PBXBuildFile; fileRef = F30391A30EB01CF526317DA2 /* DebugStatusBar.swift */; };
		0D7D2F35B303B7FA834EE8B5 /* ContentView.swift in Sources */ = {isa = PBXBuildFile; fileRef = BF1685743420892F86C34AC8 /* ContentView.swift */; };
		240602E100F6F50B835E9420 /* OnboardingTipsView.swift in Sources */ = {isa = PBXBuildFile; fileRef = EFEA40E7DC7B24A5374AD399 /* OnboardingTipsView.swift */; };
		2FFDEE84C9425743CD6CBA2D /* FeedEmptyStateView.swift in Sources */ = {isa = PBXBuildFile; fileRef = C702EDB528B43345BBE982A7 /* FeedEmptyStateView.swift */; };
		31C095E7266DBFAABA880F0C /* FeedFetchResult.swift in Sources */ = {isa = PBXBuildFile; fileRef = FDCAD69EEAB8FAB8FB974935 /* FeedFetchResult.swift */; };
		383519A7AFEFE67C6FB585A9 /* OPMLParseResult.swift in Sources */ = {isa = PBXBuildFile; fileRef = 4075C82BAA3F80E12152684C /* OPMLParseResult.swift */; };
		3AEC9DE43D74BC03972B2C0B /* OPMLParser.swift in Sources */ = {isa = PBXBuildFile; fileRef = D43637F484CFF16738302685 /* OPMLParser.swift */; };
		43B6A1B9CC83C244BD8BCDDB /* news.opml in Resources */ = {isa = PBXBuildFile; fileRef = EE27C8C93B1630F6121E3AB9 /* news.opml */; };
		4551C42E546633FC57E0E1A4 /* FeedScreen.swift in Sources */ = {isa = PBXBuildFile; fileRef = 699695CC102526CA59DD5315 /* FeedScreen.swift */; };
		46F6D462F039918D58E1C05C /* ShareCardImageView.swift in Sources */ = {isa = PBXBuildFile; fileRef = 20C0390FC7E6B67E2A2AF044 /* ShareCardImageView.swift */; };
		4A12A481029D04C487FC6E43 /* FeedItemView.swift in Sources */ = {isa = PBXBuildFile; fileRef = 4ABBCA0F4F9C3C20E2480EBA /* FeedItemView.swift */; };
		4CEB2E678E27BE6121B1B11C /* MoodFilterBar.swift in Sources */ = {isa = PBXBuildFile; fileRef = 6CB92C73A85838EB4BC12DCB /* MoodFilterBar.swift */; };
		50CD8A545B5E40E113B133E9 /* culture.opml in Resources */ = {isa = PBXBuildFile; fileRef = 233EDA0AE4F5AA62EB6F7A0F /* culture.opml */; };
		510351311C294B4E1F7824D6 /* tech.opml in Resources */ = {isa = PBXBuildFile; fileRef = B0C68ECC3CC970CA77B8583D /* tech.opml */; };
		64D9DED796CD65C6711C3734 /* ReadingStatsView.swift in Sources */ = {isa = PBXBuildFile; fileRef = EB758C8AA6530C1936D9579C /* ReadingStatsView.swift */; };
		6986DBDE303222A19B7A5798 /* SearchBarView.swift in Sources */ = {isa = PBXBuildFile; fileRef = 93A1E8E7D34C1FBFB2EA6CC6 /* SearchBarView.swift */; };
		72D004892A528079D059F577 /* FeedFetchBatch.swift in Sources */ = {isa = PBXBuildFile; fileRef = 1595D303FD10CB2456A989DC /* FeedFetchBatch.swift */; };
		7D059B62DEC97393B3981822 /* DailyBriefingCard.swift in Sources */ = {isa = PBXBuildFile; fileRef = 0CB4233F029C53681617CA22 /* DailyBriefingCard.swift */; };
		7D50E979F88694C1588392D8 /* RSSFetcher.swift in Sources */ = {isa = PBXBuildFile; fileRef = 66AAEEDBB109C8C6CAC336D6 /* RSSFetcher.swift */; };
		7E39E605E7B9F579235AE061 /* FeedSource.swift in Sources */ = {isa = PBXBuildFile; fileRef = C15E7A90D2773F4370B149BA /* FeedSource.swift */; };
		86DAF1611712C2105F19AB68 /* TopStoriesCarousel.swift in Sources */ = {isa = PBXBuildFile; fileRef = E9CF24FCD0B6C944B1C956F0 /* TopStoriesCarousel.swift */; };
		9091D14B5D8B413C453FE0AC /* ErrorBannerView.swift in Sources */ = {isa = PBXBuildFile; fileRef = 8AFB811A6CBD76505CA4A4EB /* ErrorBannerView.swift */; };
		948897D3454E93491D21D2B0 /* ArticlePreviewSheet.swift in Sources */ = {isa = PBXBuildFile; fileRef = E3AA858508671F9FA6D677B1 /* ArticlePreviewSheet.swift */; };
		9BC46E0AC8B093D6E767D179 /* design.opml in Resources */ = {isa = PBXBuildFile; fileRef = 2B8DF9ED1A7665F2E2EC6FB4 /* design.opml */; };
		ABB4009C5F2F165124C714B7 /* science.opml in Resources */ = {isa = PBXBuildFile; fileRef = 3C315794D4CF714EFD5E693E /* science.opml */; };
		C04601FB04B8DEB407C4AF69 /* FeedItemRowView.swift in Sources */ = {isa = PBXBuildFile; fileRef = 1AA62DAEEEDC39D6FA1CFF4F /* FeedItemRowView.swift */; };
		C45F9D00A3268B1250B39812 /* FeedLoader.swift in Sources */ = {isa = PBXBuildFile; fileRef = 1B89B6467E341514F26C040B /* FeedLoader.swift */; };
		CECBF1D00FA07F3ADAB895AB /* FeedItem.swift in Sources */ = {isa = PBXBuildFile; fileRef = 5B17523EA785A32CBF906D42 /* FeedItem.swift */; };
		CF36595BD78C6471862CCDFA /* Feeds in Resources */ = {isa = PBXBuildFile; fileRef = C9D10487C40978550CFC89E0 /* Feeds */; };
		D5D54228348DEFECE4D00217 /* CategoryFilterBar.swift in Sources */ = {isa = PBXBuildFile; fileRef = F9A7D55AFC80E67D103AC583 /* CategoryFilterBar.swift */; };
		D876A028082E2FA9FCCB4FB8 /* GreetingHeaderView.swift in Sources */ = {isa = PBXBuildFile; fileRef = 8A4AA074E3B4BD7207D77EF8 /* GreetingHeaderView.swift */; };
		DBBC1286841062334CDB639C /* FeedKit in Frameworks */ = {isa = PBXBuildFile; productRef = A9AA7E85F9B0F0D222C6EE4E /* FeedKit */; };
		EB498E6F3FBB5C54A7BA0212 /* feedmineApp.swift in Sources */ = {isa = PBXBuildFile; fileRef = 4F27D4A089C0A2A81E64B2BC /* feedmineApp.swift */; };
		F130641CF9BD3D64E410894A /* SettingsSheetView.swift in Sources */ = {isa = PBXBuildFile; fileRef = C534C45AB248D0B885533C04 /* SettingsSheetView.swift */; };
		F7849543D7C7A7076E8F8DEA /* NetworkMonitor.swift in Sources */ = {isa = PBXBuildFile; fileRef = B126A0070B10B3C716D2C0C7 /* NetworkMonitor.swift */; };
/* End PBXBuildFile section */

/* Begin PBXFileReference section */
		0CB4233F029C53681617CA22 /* DailyBriefingCard.swift */ = {isa = PBXFileReference; lastKnownFileType = sourcecode.swift; path = DailyBriefingCard.swift; sourceTree = "<group>"; };
		0E2A96EFA10A9D618AEA036A /* SourceManagementView.swift */ = {isa = PBXFileReference; lastKnownFileType = sourcecode.swift; path = SourceManagementView.swift; sourceTree = "<group>"; };
		1595D303FD10CB2456A989DC /* FeedFetchBatch.swift */ = {isa = PBXFileReference; lastKnownFileType = sourcecode.swift; path = FeedFetchBatch.swift; sourceTree = "<group>"; };
		1AA62DAEEEDC39D6FA1CFF4F /* FeedItemRowView.swift */ = {isa = PBXFileReference; lastKnownFileType = sourcecode.swift; path = FeedItemRowView.swift; sourceTree = "<group>"; };
		1B89B6467E341514F26C040B /* FeedLoader.swift */ = {isa = PBXFileReference; lastKnownFileType = sourcecode.swift; path = FeedLoader.swift; sourceTree = "<group>"; };
		20C0390FC7E6B67E2A2AF044 /* ShareCardImageView.swift */ = {isa = PBXFileReference; lastKnownFileType = sourcecode.swift; path = ShareCardImageView.swift; sourceTree = "<group>"; };
		233EDA0AE4F5AA62EB6F7A0F /* culture.opml */ = {isa = PBXFileReference; path = culture.opml; sourceTree = "<group>"; };
		2B8DF9ED1A7665F2E2EC6FB4 /* design.opml */ = {isa = PBXFileReference; path = design.opml; sourceTree = "<group>"; };
		3C315794D4CF714EFD5E693E /* science.opml */ = {isa = PBXFileReference; path = science.opml; sourceTree = "<group>"; };
		4075C82BAA3F80E12152684C /* OPMLParseResult.swift */ = {isa = PBXFileReference; lastKnownFileType = sourcecode.swift; path = OPMLParseResult.swift; sourceTree = "<group>"; };
		4ABBCA0F4F9C3C20E2480EBA /* FeedItemView.swift */ = {isa = PBXFileReference; lastKnownFileType = sourcecode.swift; path = FeedItemView.swift; sourceTree = "<group>"; };
		4F27D4A089C0A2A81E64B2BC /* feedmineApp.swift */ = {isa = PBXFileReference; lastKnownFileType = sourcecode.swift; path = feedmineApp.swift; sourceTree = "<group>"; };
		5B17523EA785A32CBF906D42 /* FeedItem.swift */ = {isa = PBXFileReference; lastKnownFileType = sourcecode.swift; path = FeedItem.swift; sourceTree = "<group>"; };
		66AAEEDBB109C8C6CAC336D6 /* RSSFetcher.swift */ = {isa = PBXFileReference; lastKnownFileType = sourcecode.swift; path = RSSFetcher.swift; sourceTree = "<group>"; };
		699695CC102526CA59DD5315 /* FeedScreen.swift */ = {isa = PBXFileReference; lastKnownFileType = sourcecode.swift; path = FeedScreen.swift; sourceTree = "<group>"; };
		6CB92C73A85838EB4BC12DCB /* MoodFilterBar.swift */ = {isa = PBXFileReference; lastKnownFileType = sourcecode.swift; path = MoodFilterBar.swift; sourceTree = "<group>"; };
		87F611B28256E9442168C776 /* FeedItemCardView.swift */ = {isa = PBXFileReference; lastKnownFileType = sourcecode.swift; path = FeedItemCardView.swift; sourceTree = "<group>"; };
		8A4AA074E3B4BD7207D77EF8 /* GreetingHeaderView.swift */ = {isa = PBXFileReference; lastKnownFileType = sourcecode.swift; path = GreetingHeaderView.swift; sourceTree = "<group>"; };
		8AFB811A6CBD76505CA4A4EB /* ErrorBannerView.swift */ = {isa = PBXFileReference; lastKnownFileType = sourcecode.swift; path = ErrorBannerView.swift; sourceTree = "<group>"; };
		93A1E8E7D34C1FBFB2EA6CC6 /* SearchBarView.swift */ = {isa = PBXFileReference; lastKnownFileType = sourcecode.swift; path = SearchBarView.swift; sourceTree = "<group>"; };
		9E8D4BC74BB01746A998D0A0 /* Info.plist */ = {isa = PBXFileReference; lastKnownFileType = text.plist; path = Info.plist; sourceTree = "<group>"; };
		B0C68ECC3CC970CA77B8583D /* tech.opml */ = {isa = PBXFileReference; path = tech.opml; sourceTree = "<group>"; };
		B126A0070B10B3C716D2C0C7 /* NetworkMonitor.swift */ = {isa = PBXFileReference; lastKnownFileType = sourcecode.swift; path = NetworkMonitor.swift; sourceTree = "<group>"; };
		BF1685743420892F86C34AC8 /* ContentView.swift */ = {isa = PBXFileReference; lastKnownFileType = sourcecode.swift; path = ContentView.swift; sourceTree = "<group>"; };
		C15E7A90D2773F4370B149BA /* FeedSource.swift */ = {isa = PBXFileReference; lastKnownFileType = sourcecode.swift; path = FeedSource.swift; sourceTree = "<group>"; };
		C534C45AB248D0B885533C04 /* SettingsSheetView.swift */ = {isa = PBXFileReference; lastKnownFileType = sourcecode.swift; path = SettingsSheetView.swift; sourceTree = "<group>"; };
		C702EDB528B43345BBE982A7 /* FeedEmptyStateView.swift */ = {isa = PBXFileReference; lastKnownFileType = sourcecode.swift; path = FeedEmptyStateView.swift; sourceTree = "<group>"; };
		C9D10487C40978550CFC89E0 /* Feeds */ = {isa = PBXFileReference; lastKnownFileType = folder; name = Feeds; path = feedmine/Resources/Feeds; sourceTree = SOURCE_ROOT; };
		D43637F484CFF16738302685 /* OPMLParser.swift */ = {isa = PBXFileReference; lastKnownFileType = sourcecode.swift; path = OPMLParser.swift; sourceTree = "<group>"; };
		E3AA858508671F9FA6D677B1 /* ArticlePreviewSheet.swift */ = {isa = PBXFileReference; lastKnownFileType = sourcecode.swift; path = ArticlePreviewSheet.swift; sourceTree = "<group>"; };
		E9887174DAFF5C97D2E39933 /* feedmine.app */ = {isa = PBXFileReference; includeInIndex = 0; lastKnownFileType = wrapper.application; path = feedmine.app; sourceTree = BUILT_PRODUCTS_DIR; };
		E9CF24FCD0B6C944B1C956F0 /* TopStoriesCarousel.swift */ = {isa = PBXFileReference; lastKnownFileType = sourcecode.swift; path = TopStoriesCarousel.swift; sourceTree = "<group>"; };
		EB758C8AA6530C1936D9579C /* ReadingStatsView.swift */ = {isa = PBXFileReference; lastKnownFileType = sourcecode.swift; path = ReadingStatsView.swift; sourceTree = "<group>"; };
		EE27C8C93B1630F6121E3AB9 /* news.opml */ = {isa = PBXFileReference; path = news.opml; sourceTree = "<group>"; };
		EFEA40E7DC7B24A5374AD399 /* OnboardingTipsView.swift */ = {isa = PBXFileReference; lastKnownFileType = sourcecode.swift; path = OnboardingTipsView.swift; sourceTree = "<group>"; };
		F30391A30EB01CF526317DA2 /* DebugStatusBar.swift */ = {isa = PBXFileReference; lastKnownFileType = sourcecode.swift; path = DebugStatusBar.swift; sourceTree = "<group>"; };
		F9A7D55AFC80E67D103AC583 /* CategoryFilterBar.swift */ = {isa = PBXFileReference; lastKnownFileType = sourcecode.swift; path = CategoryFilterBar.swift; sourceTree = "<group>"; };
		FDCAD69EEAB8FAB8FB974935 /* FeedFetchResult.swift */ = {isa = PBXFileReference; lastKnownFileType = sourcecode.swift; path = FeedFetchResult.swift; sourceTree = "<group>"; };
/* End PBXFileReference section */

/* Begin PBXFrameworksBuildPhase section */
		41305DDF0D69AEABC1278676 /* Frameworks */ = {
			isa = PBXFrameworksBuildPhase;
			buildActionMask = 2147483647;
			files = (
				DBBC1286841062334CDB639C /* FeedKit in Frameworks */,
			);
			runOnlyForDeploymentPostprocessing = 0;
		};
/* End PBXFrameworksBuildPhase section */

/* Begin PBXGroup section */
		3F815182CB0585246F621DBA /* Feeds */ = {
			isa = PBXGroup;
			children = (
				233EDA0AE4F5AA62EB6F7A0F /* culture.opml */,
				2B8DF9ED1A7665F2E2EC6FB4 /* design.opml */,
				EE27C8C93B1630F6121E3AB9 /* news.opml */,
				3C315794D4CF714EFD5E693E /* science.opml */,
				B0C68ECC3CC970CA77B8583D /* tech.opml */,
			);
			path = Feeds;
			sourceTree = "<group>";
		};
		4A4F050A898BB40B15DE74DE /* Views */ = {
			isa = PBXGroup;
			children = (
				E3AA858508671F9FA6D677B1 /* ArticlePreviewSheet.swift */,
				F9A7D55AFC80E67D103AC583 /* CategoryFilterBar.swift */,
				0CB4233F029C53681617CA22 /* DailyBriefingCard.swift */,
				F30391A30EB01CF526317DA2 /* DebugStatusBar.swift */,
				8AFB811A6CBD76505CA4A4EB /* ErrorBannerView.swift */,
				C702EDB528B43345BBE982A7 /* FeedEmptyStateView.swift */,
				87F611B28256E9442168C776 /* FeedItemCardView.swift */,
				1AA62DAEEEDC39D6FA1CFF4F /* FeedItemRowView.swift */,
				4ABBCA0F4F9C3C20E2480EBA /* FeedItemView.swift */,
				699695CC102526CA59DD5315 /* FeedScreen.swift */,
				8A4AA074E3B4BD7207D77EF8 /* GreetingHeaderView.swift */,
				6CB92C73A85838EB4BC12DCB /* MoodFilterBar.swift */,
				EFEA40E7DC7B24A5374AD399 /* OnboardingTipsView.swift */,
				EB758C8AA6530C1936D9579C /* ReadingStatsView.swift */,
				93A1E8E7D34C1FBFB2EA6CC6 /* SearchBarView.swift */,
				C534C45AB248D0B885533C04 /* SettingsSheetView.swift */,
				20C0390FC7E6B67E2A2AF044 /* ShareCardImageView.swift */,
				0E2A96EFA10A9D618AEA036A /* SourceManagementView.swift */,
				E9CF24FCD0B6C944B1C956F0 /* TopStoriesCarousel.swift */,
			);
			path = Views;
			sourceTree = "<group>";
		};
		62C912E6A13BBEE525E730CE = {
			isa = PBXGroup;
			children = (
				C9D10487C40978550CFC89E0 /* Feeds */,
				FA8AD510866687C9EE3BBEBD /* feedmine */,
				B8828CC272EF60AAE5EF759A /* Products */,
			);
			sourceTree = "<group>";
		};
		A265C2B5D9700AC12D20ADF6 /* Services */ = {
			isa = PBXGroup;
			children = (
				1B89B6467E341514F26C040B /* FeedLoader.swift */,
				B126A0070B10B3C716D2C0C7 /* NetworkMonitor.swift */,
				D43637F484CFF16738302685 /* OPMLParser.swift */,
				66AAEEDBB109C8C6CAC336D6 /* RSSFetcher.swift */,
			);
			path = Services;
			sourceTree = "<group>";
		};
		B8828CC272EF60AAE5EF759A /* Products */ = {
			isa = PBXGroup;
			children = (
				E9887174DAFF5C97D2E39933 /* feedmine.app */,
			);
			name = Products;
			sourceTree = "<group>";
		};
		B9167966EC8BB04664D05F65 /* Models */ = {
			isa = PBXGroup;
			children = (
				1595D303FD10CB2456A989DC /* FeedFetchBatch.swift */,
				FDCAD69EEAB8FAB8FB974935 /* FeedFetchResult.swift */,
				5B17523EA785A32CBF906D42 /* FeedItem.swift */,
				C15E7A90D2773F4370B149BA /* FeedSource.swift */,
				4075C82BAA3F80E12152684C /* OPMLParseResult.swift */,
			);
			path = Models;
			sourceTree = "<group>";
		};
		CB51B4180BE95087ECD62C86 /* Resources */ = {
			isa = PBXGroup;
			children = (
				3F815182CB0585246F621DBA /* Feeds */,
			);
			path = Resources;
			sourceTree = "<group>";
		};
		FA8AD510866687C9EE3BBEBD /* feedmine */ = {
			isa = PBXGroup;
			children = (
				BF1685743420892F86C34AC8 /* ContentView.swift */,
				4F27D4A089C0A2A81E64B2BC /* feedmineApp.swift */,
				9E8D4BC74BB01746A998D0A0 /* Info.plist */,
				B9167966EC8BB04664D05F65 /* Models */,
				CB51B4180BE95087ECD62C86 /* Resources */,
				A265C2B5D9700AC12D20ADF6 /* Services */,
				4A4F050A898BB40B15DE74DE /* Views */,
			);
			path = feedmine;
			sourceTree = "<group>";
		};
/* End PBXGroup section */

/* Begin PBXNativeTarget section */
		057DBDD4C964DDBA254C0BA5 /* feedmine */ = {
			isa = PBXNativeTarget;
			buildConfigurationList = AA6906E2B7231C5D73295DC9 /* Build configuration list for PBXNativeTarget "feedmine" */;
			buildPhases = (
				D12D0F772D8D07244FD2A241 /* Sources */,
				2710D164F83F87583940D0E7 /* Resources */,
				41305DDF0D69AEABC1278676 /* Frameworks */,
			);
			buildRules = (
			);
			dependencies = (
			);
			name = feedmine;
			packageProductDependencies = (
				A9AA7E85F9B0F0D222C6EE4E /* FeedKit */,
			);
			productName = feedmine;
			productReference = E9887174DAFF5C97D2E39933 /* feedmine.app */;
			productType = "com.apple.product-type.application";
		};
/* End PBXNativeTarget section */

/* Begin PBXProject section */
		5754179AAAE8058A2FBE80BD /* Project object */ = {
			isa = PBXProject;
			attributes = {
				BuildIndependentTargetsInParallel = YES;
				LastUpgradeCheck = 1600;
				TargetAttributes = {
					057DBDD4C964DDBA254C0BA5 = {
						DevelopmentTeam = BU5227WFYX;
					};
				};
			};
			buildConfigurationList = BACDB8081763684DCBF9FB9F /* Build configuration list for PBXProject "feedmine" */;
			developmentRegion = en;
			hasScannedForEncodings = 0;
			knownRegions = (
				Base,
				en,
			);
			mainGroup = 62C912E6A13BBEE525E730CE;
			minimizedProjectReferenceProxies = 1;
			packageReferences = (
				861A36BEF7A02BAE27E8A414 /* XCRemoteSwiftPackageReference "FeedKit" */,
			);
			preferredProjectObjectVersion = 77;
			productRefGroup = B8828CC272EF60AAE5EF759A /* Products */;
			projectDirPath = "";
			projectRoot = "";
			targets = (
				057DBDD4C964DDBA254C0BA5 /* feedmine */,
			);
		};
/* End PBXProject section */

/* Begin PBXResourcesBuildPhase section */
		2710D164F83F87583940D0E7 /* Resources */ = {
			isa = PBXResourcesBuildPhase;
			buildActionMask = 2147483647;
			files = (
				CF36595BD78C6471862CCDFA /* Feeds in Resources */,
				50CD8A545B5E40E113B133E9 /* culture.opml in Resources */,
				9BC46E0AC8B093D6E767D179 /* design.opml in Resources */,
				43B6A1B9CC83C244BD8BCDDB /* news.opml in Resources */,
				ABB4009C5F2F165124C714B7 /* science.opml in Resources */,
				510351311C294B4E1F7824D6 /* tech.opml in Resources */,
			);
			runOnlyForDeploymentPostprocessing = 0;
		};
/* End PBXResourcesBuildPhase section */

/* Begin PBXSourcesBuildPhase section */
		D12D0F772D8D07244FD2A241 /* Sources */ = {
			isa = PBXSourcesBuildPhase;
			buildActionMask = 2147483647;
			files = (
				948897D3454E93491D21D2B0 /* ArticlePreviewSheet.swift in Sources */,
				D5D54228348DEFECE4D00217 /* CategoryFilterBar.swift in Sources */,
				0D7D2F35B303B7FA834EE8B5 /* ContentView.swift in Sources */,
				7D059B62DEC97393B3981822 /* DailyBriefingCard.swift in Sources */,
				0D172F74FC571B2B1C682C66 /* DebugStatusBar.swift in Sources */,
				9091D14B5D8B413C453FE0AC /* ErrorBannerView.swift in Sources */,
				2FFDEE84C9425743CD6CBA2D /* FeedEmptyStateView.swift in Sources */,
				72D004892A528079D059F577 /* FeedFetchBatch.swift in Sources */,
				31C095E7266DBFAABA880F0C /* FeedFetchResult.swift in Sources */,
				CECBF1D00FA07F3ADAB895AB /* FeedItem.swift in Sources */,
				0858C92C6A4B7A9016F5C303 /* FeedItemCardView.swift in Sources */,
				C04601FB04B8DEB407C4AF69 /* FeedItemRowView.swift in Sources */,
				4A12A481029D04C487FC6E43 /* FeedItemView.swift in Sources */,
				C45F9D00A3268B1250B39812 /* FeedLoader.swift in Sources */,
				4551C42E546633FC57E0E1A4 /* FeedScreen.swift in Sources */,
				7E39E605E7B9F579235AE061 /* FeedSource.swift in Sources */,
				D876A028082E2FA9FCCB4FB8 /* GreetingHeaderView.swift in Sources */,
				4CEB2E678E27BE6121B1B11C /* MoodFilterBar.swift in Sources */,
				F7849543D7C7A7076E8F8DEA /* NetworkMonitor.swift in Sources */,
				383519A7AFEFE67C6FB585A9 /* OPMLParseResult.swift in Sources */,
				3AEC9DE43D74BC03972B2C0B /* OPMLParser.swift in Sources */,
				240602E100F6F50B835E9420 /* OnboardingTipsView.swift in Sources */,
				7D50E979F88694C1588392D8 /* RSSFetcher.swift in Sources */,
				64D9DED796CD65C6711C3734 /* ReadingStatsView.swift in Sources */,
				6986DBDE303222A19B7A5798 /* SearchBarView.swift in Sources */,
				F130641CF9BD3D64E410894A /* SettingsSheetView.swift in Sources */,
				46F6D462F039918D58E1C05C /* ShareCardImageView.swift in Sources */,
				0384610A52F28F8FEA681230 /* SourceManagementView.swift in Sources */,
				86DAF1611712C2105F19AB68 /* TopStoriesCarousel.swift in Sources */,
				EB498E6F3FBB5C54A7BA0212 /* feedmineApp.swift in Sources */,
			);
			runOnlyForDeploymentPostprocessing = 0;
		};
/* End PBXSourcesBuildPhase section */

/* Begin XCBuildConfiguration section */
		694243A09163BD7FDC2C9018 /* Release */ = {
			isa = XCBuildConfiguration;
			buildSettings = {
				ALWAYS_SEARCH_USER_PATHS = NO;
				CLANG_ANALYZER_NONNULL = YES;
				CLANG_ANALYZER_NUMBER_OBJECT_CONVERSION = YES_AGGRESSIVE;
				CLANG_CXX_LANGUAGE_STANDARD = "gnu++14";
				CLANG_CXX_LIBRARY = "libc++";
				CLANG_ENABLE_MODULES = YES;
				CLANG_ENABLE_OBJC_ARC = YES;
				CLANG_ENABLE_OBJC_WEAK = YES;
				CLANG_WARN_BLOCK_CAPTURE_AUTORELEASING = YES;
				CLANG_WARN_BOOL_CONVERSION = YES;
				CLANG_WARN_COMMA = YES;
				CLANG_WARN_CONSTANT_CONVERSION = YES;
				CLANG_WARN_DEPRECATED_OBJC_IMPLEMENTATIONS = YES;
				CLANG_WARN_DIRECT_OBJC_ISA_USAGE = YES_ERROR;
				CLANG_WARN_DOCUMENTATION_COMMENTS = YES;
				CLANG_WARN_EMPTY_BODY = YES;
				CLANG_WARN_ENUM_CONVERSION = YES;
				CLANG_WARN_INFINITE_RECURSION = YES;
				CLANG_WARN_INT_CONVERSION = YES;
				CLANG_WARN_NON_LITERAL_NULL_CONVERSION = YES;
				CLANG_WARN_OBJC_IMPLICIT_RETAIN_SELF = YES;
				CLANG_WARN_OBJC_LITERAL_CONVERSION = YES;
				CLANG_WARN_OBJC_ROOT_CLASS = YES_ERROR;
				CLANG_WARN_QUOTED_INCLUDE_IN_FRAMEWORK_HEADER = YES;
				CLANG_WARN_RANGE_LOOP_ANALYSIS = YES;
				CLANG_WARN_STRICT_PROTOTYPES = YES;
				CLANG_WARN_SUSPICIOUS_MOVE = YES;
				CLANG_WARN_UNGUARDED_AVAILABILITY = YES_AGGRESSIVE;
				CLANG_WARN_UNREACHABLE_CODE = YES;
				CLANG_WARN__DUPLICATE_METHOD_MATCH = YES;
				COPY_PHASE_STRIP = NO;
				DEBUG_INFORMATION_FORMAT = "dwarf-with-dsym";
				ENABLE_NS_ASSERTIONS = NO;
				ENABLE_STRICT_OBJC_MSGSEND = YES;
				GCC_C_LANGUAGE_STANDARD = gnu11;
				GCC_NO_COMMON_BLOCKS = YES;
				GCC_WARN_64_TO_32_BIT_CONVERSION = YES;
				GCC_WARN_ABOUT_RETURN_TYPE = YES_ERROR;
				GCC_WARN_UNDECLARED_SELECTOR = YES;
				GCC_WARN_UNINITIALIZED_AUTOS = YES_AGGRESSIVE;
				GCC_WARN_UNUSED_FUNCTION = YES;
				GCC_WARN_UNUSED_VARIABLE = YES;
				IPHONEOS_DEPLOYMENT_TARGET = 18.0;
				MTL_ENABLE_DEBUG_INFO = NO;
				MTL_FAST_MATH = YES;
				PRODUCT_NAME = "$(TARGET_NAME)";
				SDKROOT = iphoneos;
				SWIFT_COMPILATION_MODE = wholemodule;
				SWIFT_OPTIMIZATION_LEVEL = "-O";
				SWIFT_STRICT_CONCURRENCY = complete;
				SWIFT_VERSION = 6.0;
				TARGETED_DEVICE_FAMILY = 1;
			};
			name = Release;
		};
		A86398EB19C72D03602A236B /* Debug */ = {
			isa = XCBuildConfiguration;
			buildSettings = {
				ALWAYS_SEARCH_USER_PATHS = NO;
				CLANG_ANALYZER_NONNULL = YES;
				CLANG_ANALYZER_NUMBER_OBJECT_CONVERSION = YES_AGGRESSIVE;
				CLANG_CXX_LANGUAGE_STANDARD = "gnu++14";
				CLANG_CXX_LIBRARY = "libc++";
				CLANG_ENABLE_MODULES = YES;
				CLANG_ENABLE_OBJC_ARC = YES;
				CLANG_ENABLE_OBJC_WEAK = YES;
				CLANG_WARN_BLOCK_CAPTURE_AUTORELEASING = YES;
				CLANG_WARN_BOOL_CONVERSION = YES;
				CLANG_WARN_COMMA = YES;
				CLANG_WARN_CONSTANT_CONVERSION = YES;
				CLANG_WARN_DEPRECATED_OBJC_IMPLEMENTATIONS = YES;
				CLANG_WARN_DIRECT_OBJC_ISA_USAGE = YES_ERROR;
				CLANG_WARN_DOCUMENTATION_COMMENTS = YES;
				CLANG_WARN_EMPTY_BODY = YES;
				CLANG_WARN_ENUM_CONVERSION = YES;
				CLANG_WARN_INFINITE_RECURSION = YES;
				CLANG_WARN_INT_CONVERSION = YES;
				CLANG_WARN_NON_LITERAL_NULL_CONVERSION = YES;
				CLANG_WARN_OBJC_IMPLICIT_RETAIN_SELF = YES;
				CLANG_WARN_OBJC_LITERAL_CONVERSION = YES;
				CLANG_WARN_OBJC_ROOT_CLASS = YES_ERROR;
				CLANG_WARN_QUOTED_INCLUDE_IN_FRAMEWORK_HEADER = YES;
				CLANG_WARN_RANGE_LOOP_ANALYSIS = YES;
				CLANG_WARN_STRICT_PROTOTYPES = YES;
				CLANG_WARN_SUSPICIOUS_MOVE = YES;
				CLANG_WARN_UNGUARDED_AVAILABILITY = YES_AGGRESSIVE;
				CLANG_WARN_UNREACHABLE_CODE = YES;
				CLANG_WARN__DUPLICATE_METHOD_MATCH = YES;
				COPY_PHASE_STRIP = NO;
				DEBUG_INFORMATION_FORMAT = dwarf;
				ENABLE_STRICT_OBJC_MSGSEND = YES;
				ENABLE_TESTABILITY = YES;
				GCC_C_LANGUAGE_STANDARD = gnu11;
				GCC_DYNAMIC_NO_PIC = NO;
				GCC_NO_COMMON_BLOCKS = YES;
				GCC_OPTIMIZATION_LEVEL = 0;
				GCC_PREPROCESSOR_DEFINITIONS = (
					"$(inherited)",
					"DEBUG=1",
				);
				GCC_WARN_64_TO_32_BIT_CONVERSION = YES;
				GCC_WARN_ABOUT_RETURN_TYPE = YES_ERROR;
				GCC_WARN_UNDECLARED_SELECTOR = YES;
				GCC_WARN_UNINITIALIZED_AUTOS = YES_AGGRESSIVE;
				GCC_WARN_UNUSED_FUNCTION = YES;
				GCC_WARN_UNUSED_VARIABLE = YES;
				IPHONEOS_DEPLOYMENT_TARGET = 18.0;
				MTL_ENABLE_DEBUG_INFO = INCLUDE_SOURCE;
				MTL_FAST_MATH = YES;
				ONLY_ACTIVE_ARCH = YES;
				PRODUCT_NAME = "$(TARGET_NAME)";
				SDKROOT = iphoneos;
				SWIFT_ACTIVE_COMPILATION_CONDITIONS = DEBUG;
				SWIFT_OPTIMIZATION_LEVEL = "-Onone";
				SWIFT_STRICT_CONCURRENCY = complete;
				SWIFT_VERSION = 6.0;
				TARGETED_DEVICE_FAMILY = 1;
			};
			name = Debug;
		};
		B8A53A6DCE4A15018735D349 /* Release */ = {
			isa = XCBuildConfiguration;
			buildSettings = {
				ASSETCATALOG_COMPILER_APPICON_NAME = AppIcon;
				CODE_SIGN_IDENTITY = "iPhone Developer";
				DEVELOPMENT_TEAM = BU5227WFYX;
				INFOPLIST_FILE = feedmine/Info.plist;
				IPHONEOS_DEPLOYMENT_TARGET = 18.0;
				LD_RUNPATH_SEARCH_PATHS = (
					"$(inherited)",
					"@executable_path/Frameworks",
				);
				PRODUCT_BUNDLE_IDENTIFIER = com.feedmine.app;
				SDKROOT = iphoneos;
				TARGETED_DEVICE_FAMILY = 1;
			};
			name = Release;
		};
		E1D402DB20A37E4DA3C4A4B1 /* Debug */ = {
			isa = XCBuildConfiguration;
			buildSettings = {
				ASSETCATALOG_COMPILER_APPICON_NAME = AppIcon;
				CODE_SIGN_IDENTITY = "iPhone Developer";
				DEVELOPMENT_TEAM = BU5227WFYX;
				INFOPLIST_FILE = feedmine/Info.plist;
				IPHONEOS_DEPLOYMENT_TARGET = 18.0;
				LD_RUNPATH_SEARCH_PATHS = (
					"$(inherited)",
					"@executable_path/Frameworks",
				);
				PRODUCT_BUNDLE_IDENTIFIER = com.feedmine.app;
				SDKROOT = iphoneos;
				TARGETED_DEVICE_FAMILY = 1;
			};
			name = Debug;
		};
/* End XCBuildConfiguration section */

/* Begin XCConfigurationList section */
		AA6906E2B7231C5D73295DC9 /* Build configuration list for PBXNativeTarget "feedmine" */ = {
			isa = XCConfigurationList;
			buildConfigurations = (
				E1D402DB20A37E4DA3C4A4B1 /* Debug */,
				B8A53A6DCE4A15018735D349 /* Release */,
			);
			defaultConfigurationIsVisible = 0;
			defaultConfigurationName = Debug;
		};
		BACDB8081763684DCBF9FB9F /* Build configuration list for PBXProject "feedmine" */ = {
			isa = XCConfigurationList;
			buildConfigurations = (
				A86398EB19C72D03602A236B /* Debug */,
				694243A09163BD7FDC2C9018 /* Release */,
			);
			defaultConfigurationIsVisible = 0;
			defaultConfigurationName = Debug;
		};
/* End XCConfigurationList section */

/* Begin XCRemoteSwiftPackageReference section */
		861A36BEF7A02BAE27E8A414 /* XCRemoteSwiftPackageReference "FeedKit" */ = {
			isa = XCRemoteSwiftPackageReference;
			repositoryURL = "https://github.com/nmdias/FeedKit";
			requirement = {
				kind = upToNextMajorVersion;
				minimumVersion = 9.0.0;
			};
		};
/* End XCRemoteSwiftPackageReference section */

/* Begin XCSwiftPackageProductDependency section */
		A9AA7E85F9B0F0D222C6EE4E /* FeedKit */ = {
			isa = XCSwiftPackageProductDependency;
			package = 861A36BEF7A02BAE27E8A414 /* XCRemoteSwiftPackageReference "FeedKit" */;
			productName = FeedKit;
		};
/* End XCSwiftPackageProductDependency section */
	};
	rootObject = 5754179AAAE8058A2FBE80BD /* Project object */;
}
