<?xml version='1.0' encoding='UTF-8'?>
<Scheme LastUpgradeVersion='1600' version='1.7'>
   <BuildAction buildImplicitDependencies='YES' parallelizeBuildables='YES' runPostActionsOnFailure='NO'>
      <BuildActionEntries>
         <BuildActionEntry buildForAnalyzing='YES' buildForArchiving='YES' buildForProfiling='YES' buildForRunning='YES' buildForTesting='YES'>
            <BuildableReference BlueprintIdentifier='057DBDD4C964DDBA254C0BA5' BlueprintName='feedmine' BuildableIdentifier='primary' BuildableName='feedmine.app' ReferencedContainer='container:feedmine.xcodeproj'>
            </BuildableReference>
         </BuildActionEntry>
         <BuildActionEntry buildForAnalyzing='NO' buildForArchiving='NO' buildForProfiling='NO' buildForRunning='NO' buildForTesting='YES'>
            <BuildableReference BlueprintIdentifier='58CAC5F0FAA8580D56CC16D4' BlueprintName='feedmineTests' BuildableIdentifier='primary' BuildableName='feedmineTests.xctest' ReferencedContainer='container:feedmine.xcodeproj'>
            </BuildableReference>
         </BuildActionEntry>
      </BuildActionEntries>
   </BuildAction>
   <TestAction buildConfiguration='Debug' onlyGenerateCoverageForSpecifiedTargets='NO' selectedDebuggerIdentifier='Xcode.DebuggerFoundation.Debugger.LLDB' selectedLauncherIdentifier='Xcode.DebuggerFoundation.Launcher.LLDB' shouldUseLaunchSchemeArgsEnv='YES'>
      <MacroExpansion>
         <BuildableReference BlueprintIdentifier='057DBDD4C964DDBA254C0BA5' BlueprintName='feedmine' BuildableIdentifier='primary' BuildableName='feedmine.app' ReferencedContainer='container:feedmine.xcodeproj'>
         </BuildableReference>
      </MacroExpansion>
      <Testables>
         <TestableReference parallelizable='NO' skipped='NO'>
            <BuildableReference BlueprintIdentifier='58CAC5F0FAA8580D56CC16D4' BlueprintName='feedmineTests' BuildableIdentifier='primary' BuildableName='feedmineTests.xctest' ReferencedContainer='container:feedmine.xcodeproj'>
            </BuildableReference>
         </TestableReference>
      <TestableReference skipped='NO'><BuildableReference BlueprintIdentifier='F223185128DAD3AE8C025C1F' BlueprintName='feedmineUITests' BuildableIdentifier='primary' BuildableName='feedmineUITests.xctest' ReferencedContainer='container:feedmine.xcodeproj'/></TestableReference></Testables>
      <CommandLineArguments>
      </CommandLineArguments>
   </TestAction>
   <LaunchAction allowLocationSimulation='YES' buildConfiguration='Debug' debugDocumentVersioning='YES' debugServiceExtension='internal' ignoresPersistentStateOnLaunch='NO' launchStyle='0' selectedDebuggerIdentifier='Xcode.DebuggerFoundation.Debugger.LLDB' selectedLauncherIdentifier='Xcode.DebuggerFoundation.Launcher.LLDB' useCustomWorkingDirectory='NO'>
      <BuildableProductRunnable runnableDebuggingMode='0'>
         <BuildableReference BlueprintIdentifier='057DBDD4C964DDBA254C0BA5' BlueprintName='feedmine' BuildableIdentifier='primary' BuildableName='feedmine.app' ReferencedContainer='container:feedmine.xcodeproj'>
         </BuildableReference>
      </BuildableProductRunnable>
      <CommandLineArguments>
      </CommandLineArguments>
   </LaunchAction>
   <ProfileAction buildConfiguration='Release' debugDocumentVersioning='YES' savedToolIdentifier='' shouldUseLaunchSchemeArgsEnv='YES' useCustomWorkingDirectory='NO'>
      <BuildableProductRunnable runnableDebuggingMode='0'>
         <BuildableReference BlueprintIdentifier='057DBDD4C964DDBA254C0BA5' BlueprintName='feedmine' BuildableIdentifier='primary' BuildableName='feedmine.app' ReferencedContainer='container:feedmine.xcodeproj'>
         </BuildableReference>
      </BuildableProductRunnable>
   </ProfileAction>
   <AnalyzeAction buildConfiguration='Debug'>
   </AnalyzeAction>
   <ArchiveAction buildConfiguration='Release' revealArchiveInOrganizer='YES'>
   </ArchiveAction>
</Scheme>